
Microsoft Visual Studio Solution File, Format Version 11.00
# Visual Studio 2010
Project("{8BC9CEB8-8B4A-11D0-8D11-00A0C91BC942}") = "Win32Lesson1", "Win32Lesson1\Win32Lesson1.vcxproj", "{B32D749B-0708-4453-8DC3-C495509CC6EE}"
EndProject
Global
	GlobalSection(SolutionConfigurationPlatforms) = preSolution
		Debug|Win32 = Debug|Win32
		Release|Win32 = Release|Win32
	EndGlobalSection
	GlobalSection(ProjectConfigurationPlatforms) = postSolution
		{B32D749B-0708-4453-8DC3-C495509CC6EE}.Debug|Win32.ActiveCfg = Release|Win32
		{B32D749B-0708-4453-8DC3-C495509CC6EE}.Debug|Win32.Build.0 = Release|Win32
		{B32D749B-0708-4453-8DC3-C495509CC6EE}.Release|Win32.ActiveCfg = Release|Win32
		{B32D749B-0708-4453-8DC3-C495509CC6EE}.Release|Win32.Build.0 = Release|Win32
	EndGlobalSection
	GlobalSection(SolutionProperties) = preSolution
		HideSolutionNode = FALSE
	EndGlobalSection
EndGlobal
